
Microsoft Visual Studio Solution File, Format Version 12.00
# Visual Studio Version 16
VisualStudioVersion = 16.0.808.7
MinimumVisualStudioVersion = 10.0.40219.1
Project("{FAE04EC0-301F-11D3-BF4B-00C04F79EFBC}") = "MainService", "MainService\MainService.csproj", "{318BB2D7-A21B-4806-BC2A-7E8644CD3994}"
EndProject
Global
	GlobalSection(SolutionConfigurationPlatforms) = preSolution
		Debug|Any CPU = Debug|Any CPU
		Release|Any CPU = Release|Any CPU
	EndGlobalSection
	GlobalSection(ProjectConfigurationPlatforms) = postSolution
		{318BB2D7-A21B-4806-BC2A-7E8644CD3994}.Debug|Any CPU.ActiveCfg = Debug|Any CPU
		{318BB2D7-A21B-4806-BC2A-7E8644CD3994}.Debug|Any CPU.Build.0 = Debug|Any CPU
		{318BB2D7-A21B-4806-BC2A-7E8644CD3994}.Release|Any CPU.ActiveCfg = Release|Any CPU
		{318BB2D7-A21B-4806-BC2A-7E8644CD3994}.Release|Any CPU.Build.0 = Release|Any CPU
	EndGlobalSection
	GlobalSection(SolutionProperties) = preSolution
		HideSolutionNode = FALSE
	EndGlobalSection
	GlobalSection(ExtensibilityGlobals) = postSolution
		SolutionGuid = {37543224-0C46-4B6B-9339-76784CC2535E}
	EndGlobalSection
EndGlobal
