
Microsoft Visual Studio Solution File, Format Version 12.00
# Visual Studio Version 16
VisualStudioVersion = 16.0.808.7
MinimumVisualStudioVersion = 10.0.40219.1
Project("{FAE04EC0-301F-11D3-BF4B-00C04F79EFBC}") = "FluffyFriend", "FluffyFriend\FluffyFriend.csproj", "{73BCCCC0-E7C4-449D-8022-DB774570E237}"
EndProject
Global
	GlobalSection(SolutionConfigurationPlatforms) = preSolution
		Debug|Any CPU = Debug|Any CPU
		Release|Any CPU = Release|Any CPU
	EndGlobalSection
	GlobalSection(ProjectConfigurationPlatforms) = postSolution
		{73BCCCC0-E7C4-449D-8022-DB774570E237}.Debug|Any CPU.ActiveCfg = Debug|Any CPU
		{73BCCCC0-E7C4-449D-8022-DB774570E237}.Debug|Any CPU.Build.0 = Debug|Any CPU
		{73BCCCC0-E7C4-449D-8022-DB774570E237}.Release|Any CPU.ActiveCfg = Release|Any CPU
		{73BCCCC0-E7C4-449D-8022-DB774570E237}.Release|Any CPU.Build.0 = Release|Any CPU
	EndGlobalSection
	GlobalSection(SolutionProperties) = preSolution
		HideSolutionNode = FALSE
	EndGlobalSection
	GlobalSection(ExtensibilityGlobals) = postSolution
		SolutionGuid = {B3C2A95E-73E0-4D7A-9C39-E6ABCB24B2C2}
	EndGlobalSection
EndGlobal
